
Microsoft Visual Studio Solution File, Format Version 12.00
# Visual Studio Version 16
VisualStudioVersion = 16.0.29102.190
MinimumVisualStudioVersion = 10.0.40219.1
Project("{FAE04EC0-301F-11D3-BF4B-00C04F79EFBC}") = "mprFamilyDuplicateFixer_2015", "mprFamilyDuplicateFixer_2015\mprFamilyDuplicateFixer_2015.csproj", "{0E0C22C8-7AFE-45FA-8027-8F456019BECF}"
EndProject
Project("{FAE04EC0-301F-11D3-BF4B-00C04F79EFBC}") = "mprFamilyDuplicateFixer_2016", "mprFamilyDuplicateFixer_2016\mprFamilyDuplicateFixer_2016.csproj", "{E89DDA30-09B7-4A00-B85B-31B86456FE58}"
EndProject
Project("{FAE04EC0-301F-11D3-BF4B-00C04F79EFBC}") = "mprFamilyDuplicateFixer_2017", "mprFamilyDuplicateFixer_2017\mprFamilyDuplicateFixer_2017.csproj", "{376211D5-2571-49FF-9E42-AF5FF5E6BD5C}"
EndProject
Project("{FAE04EC0-301F-11D3-BF4B-00C04F79EFBC}") = "mprFamilyDuplicateFixer_2018", "mprFamilyDuplicateFixer_2018\mprFamilyDuplicateFixer_2018.csproj", "{872D26D5-D32C-47F2-B4CF-30021EDA525C}"
EndProject
Project("{FAE04EC0-301F-11D3-BF4B-00C04F79EFBC}") = "mprFamilyDuplicateFixer_2019", "mprFamilyDuplicateFixer_2019\mprFamilyDuplicateFixer_2019.csproj", "{E6BE7C14-3207-4FA3-A8C0-13F65DA5ECDB}"
EndProject
Project("{FAE04EC0-301F-11D3-BF4B-00C04F79EFBC}") = "mprFamilyDuplicateFixer_2020", "mprFamilyDuplicateFixer_2020\mprFamilyDuplicateFixer_2020.csproj", "{C6D5B539-F148-4347-90B5-DD4BE14A5C9F}"
EndProject
Global
	GlobalSection(SolutionConfigurationPlatforms) = preSolution
		Debug|Any CPU = Debug|Any CPU
		Release|Any CPU = Release|Any CPU
	EndGlobalSection
	GlobalSection(ProjectConfigurationPlatforms) = postSolution
		{0E0C22C8-7AFE-45FA-8027-8F456019BECF}.Debug|Any CPU.ActiveCfg = Debug|Any CPU
		{0E0C22C8-7AFE-45FA-8027-8F456019BECF}.Debug|Any CPU.Build.0 = Debug|Any CPU
		{0E0C22C8-7AFE-45FA-8027-8F456019BECF}.Release|Any CPU.ActiveCfg = Release|Any CPU
		{0E0C22C8-7AFE-45FA-8027-8F456019BECF}.Release|Any CPU.Build.0 = Release|Any CPU
		{E89DDA30-09B7-4A00-B85B-31B86456FE58}.Debug|Any CPU.ActiveCfg = Debug|Any CPU
		{E89DDA30-09B7-4A00-B85B-31B86456FE58}.Debug|Any CPU.Build.0 = Debug|Any CPU
		{E89DDA30-09B7-4A00-B85B-31B86456FE58}.Release|Any CPU.ActiveCfg = Release|Any CPU
		{E89DDA30-09B7-4A00-B85B-31B86456FE58}.Release|Any CPU.Build.0 = Release|Any CPU
		{376211D5-2571-49FF-9E42-AF5FF5E6BD5C}.Debug|Any CPU.ActiveCfg = Debug|Any CPU
		{376211D5-2571-49FF-9E42-AF5FF5E6BD5C}.Debug|Any CPU.Build.0 = Debug|Any CPU
		{376211D5-2571-49FF-9E42-AF5FF5E6BD5C}.Release|Any CPU.ActiveCfg = Release|Any CPU
		{376211D5-2571-49FF-9E42-AF5FF5E6BD5C}.Release|Any CPU.Build.0 = Release|Any CPU
		{872D26D5-D32C-47F2-B4CF-30021EDA525C}.Debug|Any CPU.ActiveCfg = Debug|Any CPU
		{872D26D5-D32C-47F2-B4CF-30021EDA525C}.Debug|Any CPU.Build.0 = Debug|Any CPU
		{872D26D5-D32C-47F2-B4CF-30021EDA525C}.Release|Any CPU.ActiveCfg = Release|Any CPU
		{872D26D5-D32C-47F2-B4CF-30021EDA525C}.Release|Any CPU.Build.0 = Release|Any CPU
		{E6BE7C14-3207-4FA3-A8C0-13F65DA5ECDB}.Debug|Any CPU.ActiveCfg = Debug|Any CPU
		{E6BE7C14-3207-4FA3-A8C0-13F65DA5ECDB}.Debug|Any CPU.Build.0 = Debug|Any CPU
		{E6BE7C14-3207-4FA3-A8C0-13F65DA5ECDB}.Release|Any CPU.ActiveCfg = Release|Any CPU
		{E6BE7C14-3207-4FA3-A8C0-13F65DA5ECDB}.Release|Any CPU.Build.0 = Release|Any CPU
		{C6D5B539-F148-4347-90B5-DD4BE14A5C9F}.Debug|Any CPU.ActiveCfg = Debug|Any CPU
		{C6D5B539-F148-4347-90B5-DD4BE14A5C9F}.Debug|Any CPU.Build.0 = Debug|Any CPU
		{C6D5B539-F148-4347-90B5-DD4BE14A5C9F}.Release|Any CPU.ActiveCfg = Release|Any CPU
		{C6D5B539-F148-4347-90B5-DD4BE14A5C9F}.Release|Any CPU.Build.0 = Release|Any CPU
	EndGlobalSection
	GlobalSection(SolutionProperties) = preSolution
		HideSolutionNode = FALSE
	EndGlobalSection
	GlobalSection(ExtensibilityGlobals) = postSolution
		SolutionGuid = {96B71301-8B9B-480C-8612-C52735AD3875}
	EndGlobalSection
EndGlobal
